
Microsoft Visual Studio Solution File, Format Version 12.00
# Visual Studio Version 16
VisualStudioVersion = 16.0.30114.105
MinimumVisualStudioVersion = 10.0.40219.1
Project("{2150E333-8FDC-42A3-9474-1A3956D46DE8}") = "src", "src", "{899DE89F-8D8C-4430-B452-18C15D1CBFFB}"
EndProject
Project("{FAE04EC0-301F-11D3-BF4B-00C04F79EFBC}") = "dotnetDockerized", "src\dotnetDockerized\dotnetDockerized.csproj", "{9FD14DE7-E8FA-43B1-AB45-8B41F4193D91}"
EndProject
Global
	GlobalSection(SolutionConfigurationPlatforms) = preSolution
		Debug|Any CPU = Debug|Any CPU
		Release|Any CPU = Release|Any CPU
	EndGlobalSection
	GlobalSection(SolutionProperties) = preSolution
		HideSolutionNode = FALSE
	EndGlobalSection
	GlobalSection(ProjectConfigurationPlatforms) = postSolution
		{9FD14DE7-E8FA-43B1-AB45-8B41F4193D91}.Debug|Any CPU.ActiveCfg = Debug|Any CPU
		{9FD14DE7-E8FA-43B1-AB45-8B41F4193D91}.Debug|Any CPU.Build.0 = Debug|Any CPU
		{9FD14DE7-E8FA-43B1-AB45-8B41F4193D91}.Release|Any CPU.ActiveCfg = Release|Any CPU
		{9FD14DE7-E8FA-43B1-AB45-8B41F4193D91}.Release|Any CPU.Build.0 = Release|Any CPU
	EndGlobalSection
	GlobalSection(NestedProjects) = preSolution
		{9FD14DE7-E8FA-43B1-AB45-8B41F4193D91} = {899DE89F-8D8C-4430-B452-18C15D1CBFFB}
	EndGlobalSection
EndGlobal
